
Microsoft Visual Studio Solution File, Format Version 12.00
# Visual Studio 14
VisualStudioVersion = 14.0.25402.0
MinimumVisualStudioVersion = 10.0.40219.1
Project("{9092AA53-FB77-4645-B42D-1CCCA6BD08BD}") = "ItemLevelDownloader", "ItemLevelDownloader\ItemLevelDownloader.njsproj", "{EA3B0044-BC9A-4019-AA5C-3F5ACCE32851}"
EndProject
Global
	GlobalSection(SolutionConfigurationPlatforms) = preSolution
		Debug|Any CPU = Debug|Any CPU
		Release|Any CPU = Release|Any CPU
	EndGlobalSection
	GlobalSection(ProjectConfigurationPlatforms) = postSolution
		{EA3B0044-BC9A-4019-AA5C-3F5ACCE32851}.Debug|Any CPU.ActiveCfg = Debug|Any CPU
		{EA3B0044-BC9A-4019-AA5C-3F5ACCE32851}.Debug|Any CPU.Build.0 = Debug|Any CPU
		{EA3B0044-BC9A-4019-AA5C-3F5ACCE32851}.Release|Any CPU.ActiveCfg = Release|Any CPU
		{EA3B0044-BC9A-4019-AA5C-3F5ACCE32851}.Release|Any CPU.Build.0 = Release|Any CPU
	EndGlobalSection
	GlobalSection(SolutionProperties) = preSolution
		HideSolutionNode = FALSE
	EndGlobalSection
EndGlobal
