
Microsoft Visual Studio Solution File, Format Version 12.00
# Visual Studio 15
VisualStudioVersion = 15.0.27004.2009
MinimumVisualStudioVersion = 10.0.40219.1
Project("{9A19103F-16F7-4668-BE54-9A1E7A4F7556}") = "VstsServerTaskHelper", "VstsServerTaskHelper\VstsServerTaskHelper.csproj", "{090E8B24-BC04-4D17-A56C-B0D6E84F9296}"
EndProject
Project("{9A19103F-16F7-4668-BE54-9A1E7A4F7556}") = "VstsServerTaskHelper.UnitTests", "VstsServerTaskHelper.UnitTests\VstsServerTaskHelper.UnitTests.csproj", "{FAC118B9-D96E-4DCD-AB60-5AFFDCDA3F1F}"
EndProject
Project("{9A19103F-16F7-4668-BE54-9A1E7A4F7556}") = "VstsServerTaskHelper.SampleClient", "VstsServerTaskHelper.SampleClient\VstsServerTaskHelper.SampleClient.csproj", "{71CA8B42-BF23-4796-8ED7-C62B3F468B3C}"
EndProject
Project("{9A19103F-16F7-4668-BE54-9A1E7A4F7556}") = "VstsServerTaskHelper.SampleWebClient", "VstsServerTaskHelper.SampleWebClient\VstsServerTaskHelper.SampleWebClient.csproj", "{99763E64-621E-4C58-BFE4-A74DF60CCFB0}"
EndProject
Project("{FAE04EC0-301F-11D3-BF4B-00C04F79EFBC}") = "VstsServerTaskHelper.SampleAzureFunction", "VstsServerTaskHelper.SampleAzureFunction\VstsServerTaskHelper.SampleAzureFunction.csproj", "{A91F47E2-4994-4D09-AE14-D521ABE92860}"
EndProject
Global
	GlobalSection(SolutionConfigurationPlatforms) = preSolution
		Debug|Any CPU = Debug|Any CPU
		Release|Any CPU = Release|Any CPU
	EndGlobalSection
	GlobalSection(ProjectConfigurationPlatforms) = postSolution
		{090E8B24-BC04-4D17-A56C-B0D6E84F9296}.Debug|Any CPU.ActiveCfg = Debug|Any CPU
		{090E8B24-BC04-4D17-A56C-B0D6E84F9296}.Debug|Any CPU.Build.0 = Debug|Any CPU
		{090E8B24-BC04-4D17-A56C-B0D6E84F9296}.Release|Any CPU.ActiveCfg = Release|Any CPU
		{090E8B24-BC04-4D17-A56C-B0D6E84F9296}.Release|Any CPU.Build.0 = Release|Any CPU
		{FAC118B9-D96E-4DCD-AB60-5AFFDCDA3F1F}.Debug|Any CPU.ActiveCfg = Debug|Any CPU
		{FAC118B9-D96E-4DCD-AB60-5AFFDCDA3F1F}.Debug|Any CPU.Build.0 = Debug|Any CPU
		{FAC118B9-D96E-4DCD-AB60-5AFFDCDA3F1F}.Release|Any CPU.ActiveCfg = Release|Any CPU
		{FAC118B9-D96E-4DCD-AB60-5AFFDCDA3F1F}.Release|Any CPU.Build.0 = Release|Any CPU
		{71CA8B42-BF23-4796-8ED7-C62B3F468B3C}.Debug|Any CPU.ActiveCfg = Debug|Any CPU
		{71CA8B42-BF23-4796-8ED7-C62B3F468B3C}.Debug|Any CPU.Build.0 = Debug|Any CPU
		{71CA8B42-BF23-4796-8ED7-C62B3F468B3C}.Release|Any CPU.ActiveCfg = Release|Any CPU
		{71CA8B42-BF23-4796-8ED7-C62B3F468B3C}.Release|Any CPU.Build.0 = Release|Any CPU
		{99763E64-621E-4C58-BFE4-A74DF60CCFB0}.Debug|Any CPU.ActiveCfg = Debug|Any CPU
		{99763E64-621E-4C58-BFE4-A74DF60CCFB0}.Debug|Any CPU.Build.0 = Debug|Any CPU
		{99763E64-621E-4C58-BFE4-A74DF60CCFB0}.Release|Any CPU.ActiveCfg = Release|Any CPU
		{99763E64-621E-4C58-BFE4-A74DF60CCFB0}.Release|Any CPU.Build.0 = Release|Any CPU
		{A91F47E2-4994-4D09-AE14-D521ABE92860}.Debug|Any CPU.ActiveCfg = Debug|Any CPU
		{A91F47E2-4994-4D09-AE14-D521ABE92860}.Debug|Any CPU.Build.0 = Debug|Any CPU
		{A91F47E2-4994-4D09-AE14-D521ABE92860}.Release|Any CPU.ActiveCfg = Release|Any CPU
		{A91F47E2-4994-4D09-AE14-D521ABE92860}.Release|Any CPU.Build.0 = Release|Any CPU
	EndGlobalSection
	GlobalSection(SolutionProperties) = preSolution
		HideSolutionNode = FALSE
	EndGlobalSection
	GlobalSection(ExtensibilityGlobals) = postSolution
		SolutionGuid = {D48B18CA-F871-4057-A43B-62F9B879A51F}
	EndGlobalSection
EndGlobal
