
Microsoft Visual Studio Solution File, Format Version 12.00
# Visual Studio 15
VisualStudioVersion = 15.0.27004.2009
MinimumVisualStudioVersion = 10.0.40219.1
Project("{9A19103F-16F7-4668-BE54-9A1E7A4F7556}") = "HttpRequestHandler", "HttpRequestHandler\HttpRequestHandler.csproj", "{99763E64-621E-4C58-BFE4-A74DF60CCFB0}"
EndProject
Project("{9A19103F-16F7-4668-BE54-9A1E7A4F7556}") = "DistributedTask.ServerTask.Remote.Common", "DistributedTask.ServerTask.Remote.Common\DistributedTask.ServerTask.Remote.Common.csproj", "{82D9ED05-1CBA-4490-9946-541458AD8FC0}"
EndProject
Project("{9A19103F-16F7-4668-BE54-9A1E7A4F7556}") = "ServiceBusMessageHandler", "ServiceBusMessageHandler\ServiceBusMessageHandler.csproj", "{06D6287B-F6E6-4483-BFED-DAC11F65110E}"
EndProject
Project("{FAE04EC0-301F-11D3-BF4B-00C04F79EFBC}") = "AzureFunctionHandler", "AzureFunctionHandler\AzureFunctionHandler.csproj", "{F0859A72-3E18-4E1B-9CBF-70B088627AEB}"
EndProject
Project("{9A19103F-16F7-4668-BE54-9A1E7A4F7556}") = "AzureFunctionSample", "AzureFunctionSample\AzureFunctionSample.csproj", "{69832419-26C2-4F3E-BB38-DE45CFE33BD9}"
EndProject
Project("{9A19103F-16F7-4668-BE54-9A1E7A4F7556}") = "HttpRequestSampleWithoutHandler", "HttpRequestSampleWithoutHandler\HttpRequestSampleWithoutHandler.csproj", "{FDD4AE8E-63DE-4C46-BBE1-C8599CC8F155}"
EndProject
Global
	GlobalSection(SolutionConfigurationPlatforms) = preSolution
		Debug|Any CPU = Debug|Any CPU
		Release|Any CPU = Release|Any CPU
	EndGlobalSection
	GlobalSection(ProjectConfigurationPlatforms) = postSolution
		{99763E64-621E-4C58-BFE4-A74DF60CCFB0}.Debug|Any CPU.ActiveCfg = Debug|Any CPU
		{99763E64-621E-4C58-BFE4-A74DF60CCFB0}.Debug|Any CPU.Build.0 = Debug|Any CPU
		{99763E64-621E-4C58-BFE4-A74DF60CCFB0}.Release|Any CPU.ActiveCfg = Release|Any CPU
		{99763E64-621E-4C58-BFE4-A74DF60CCFB0}.Release|Any CPU.Build.0 = Release|Any CPU
		{A91F47E2-4994-4D09-AE14-D521ABE92860}.Debug|Any CPU.ActiveCfg = Debug|Any CPU
		{A91F47E2-4994-4D09-AE14-D521ABE92860}.Debug|Any CPU.Build.0 = Debug|Any CPU
		{A91F47E2-4994-4D09-AE14-D521ABE92860}.Release|Any CPU.ActiveCfg = Release|Any CPU
		{A91F47E2-4994-4D09-AE14-D521ABE92860}.Release|Any CPU.Build.0 = Release|Any CPU
		{82D9ED05-1CBA-4490-9946-541458AD8FC0}.Debug|Any CPU.ActiveCfg = Debug|Any CPU
		{82D9ED05-1CBA-4490-9946-541458AD8FC0}.Debug|Any CPU.Build.0 = Debug|Any CPU
		{82D9ED05-1CBA-4490-9946-541458AD8FC0}.Release|Any CPU.ActiveCfg = Release|Any CPU
		{82D9ED05-1CBA-4490-9946-541458AD8FC0}.Release|Any CPU.Build.0 = Release|Any CPU
		{06D6287B-F6E6-4483-BFED-DAC11F65110E}.Debug|Any CPU.ActiveCfg = Debug|Any CPU
		{06D6287B-F6E6-4483-BFED-DAC11F65110E}.Debug|Any CPU.Build.0 = Debug|Any CPU
		{06D6287B-F6E6-4483-BFED-DAC11F65110E}.Release|Any CPU.ActiveCfg = Release|Any CPU
		{06D6287B-F6E6-4483-BFED-DAC11F65110E}.Release|Any CPU.Build.0 = Release|Any CPU
		{F0859A72-3E18-4E1B-9CBF-70B088627AEB}.Debug|Any CPU.ActiveCfg = Debug|Any CPU
		{F0859A72-3E18-4E1B-9CBF-70B088627AEB}.Debug|Any CPU.Build.0 = Debug|Any CPU
		{F0859A72-3E18-4E1B-9CBF-70B088627AEB}.Release|Any CPU.ActiveCfg = Release|Any CPU
		{F0859A72-3E18-4E1B-9CBF-70B088627AEB}.Release|Any CPU.Build.0 = Release|Any CPU
		{69832419-26C2-4F3E-BB38-DE45CFE33BD9}.Debug|Any CPU.ActiveCfg = Debug|Any CPU
		{69832419-26C2-4F3E-BB38-DE45CFE33BD9}.Debug|Any CPU.Build.0 = Debug|Any CPU
		{69832419-26C2-4F3E-BB38-DE45CFE33BD9}.Release|Any CPU.ActiveCfg = Release|Any CPU
		{69832419-26C2-4F3E-BB38-DE45CFE33BD9}.Release|Any CPU.Build.0 = Release|Any CPU
		{FDD4AE8E-63DE-4C46-BBE1-C8599CC8F155}.Debug|Any CPU.ActiveCfg = Debug|Any CPU
		{FDD4AE8E-63DE-4C46-BBE1-C8599CC8F155}.Debug|Any CPU.Build.0 = Debug|Any CPU
		{FDD4AE8E-63DE-4C46-BBE1-C8599CC8F155}.Release|Any CPU.ActiveCfg = Release|Any CPU
		{FDD4AE8E-63DE-4C46-BBE1-C8599CC8F155}.Release|Any CPU.Build.0 = Release|Any CPU
	EndGlobalSection
	GlobalSection(SolutionProperties) = preSolution
		HideSolutionNode = FALSE
	EndGlobalSection
	GlobalSection(ExtensibilityGlobals) = postSolution
		SolutionGuid = {D48B18CA-F871-4057-A43B-62F9B879A51F}
	EndGlobalSection
EndGlobal
