{
  "name": "DownloadArtifactsTfsGit",
  "requires": true,
  "lockfileVersion": 1,
  "dependencies": {
    "azure-devops-node-api": {
      "version": "10.2.1",
      "resolved": "https://registry.npmjs.org/azure-devops-node-api/-/azure-devops-node-api-10.2.1.tgz",
      "integrity": "sha512-XuSiUaYpk0tQpd9fD8qfRa5y1IdavupKNVmwxy0w/RhmxG2Wl8uAYnNJchUoWd3Rn9On0mYTCCZSn+UlYdYFSg==",
      "requires": {
        "tunnel": "0.0.6",
        "typed-rest-client": "^1.8.0",
        "underscore": "1.8.3"
      }
    },
    "balanced-match": {
      "version": "1.0.2",
      "resolved": "https://registry.npmjs.org/balanced-match/-/balanced-match-1.0.2.tgz",
      "integrity": "sha512-3oSeUO0TMV67hN1AmbXsK4yaqU7tjiHlbxRDZOpH0KW9+CeX4bRAaX0Anxt0tx2MrpRpWwQaPwIlISEJhYU5Pw=="
    },
    "brace-expansion": {
      "version": "1.1.11",
      "resolved": "https://registry.npmjs.org/brace-expansion/-/brace-expansion-1.1.11.tgz",
      "integrity": "sha512-iCuPHDFgrHX7H2vEI/5xpz07zSHB00TpugqhmYtVmMO6518mCuRMoOYFldEBl0g187ufozdaHgWKcYFb61qGiA==",
      "requires": {
        "balanced-match": "^1.0.0",
        "concat-map": "0.0.1"
      }
    },
    "call-bind": {
      "version": "1.0.2",
      "resolved": "https://registry.npmjs.org/call-bind/-/call-bind-1.0.2.tgz",
      "integrity": "sha512-7O+FbCihrB5WGbFYesctwmTKae6rOiIzmz1icreWJ+0aA7LJfuqhEso2T9ncpcFtzMQtzXf2QGGueWJGTYsqrA==",
      "requires": {
        "function-bind": "^1.1.1",
        "get-intrinsic": "^1.0.2"
      }
    },
    "concat-map": {
      "version": "0.0.1",
      "resolved": "https://registry.npmjs.org/concat-map/-/concat-map-0.0.1.tgz",
      "integrity": "sha512-/Srv4dswyQNBfohGpz9o6Yb3Gz3SrUDqBH5rTuhGR7ahtlbYKnVxw2bCFMRljaA7EXHaXZ8wsHdodFvbkhKmqg=="
    },
    "function-bind": {
      "version": "1.1.1",
      "resolved": "https://registry.npmjs.org/function-bind/-/function-bind-1.1.1.tgz",
      "integrity": "sha512-yIovAzMX49sF8Yl58fSCWJ5svSLuaibPxXQJFLmBObTuCr0Mf1KiPopGM9NiFjiYBCbfaa2Fh6breQ6ANVTI0A=="
    },
    "get-intrinsic": {
      "version": "1.2.1",
      "resolved": "https://registry.npmjs.org/get-intrinsic/-/get-intrinsic-1.2.1.tgz",
      "integrity": "sha512-2DcsyfABl+gVHEfCOaTrWgyt+tb6MSEGmKq+kI5HwLbIYgjgmMcV8KQ41uaKz1xxUcn9tJtgFbQUEVcEbd0FYw==",
      "requires": {
        "function-bind": "^1.1.1",
        "has": "^1.0.3",
        "has-proto": "^1.0.1",
        "has-symbols": "^1.0.3"
      }
    },
    "has": {
      "version": "1.0.3",
      "resolved": "https://registry.npmjs.org/has/-/has-1.0.3.tgz",
      "integrity": "sha512-f2dvO0VU6Oej7RkWJGrehjbzMAjFp5/VKPp5tTpWIV4JHHZK1/BxbFRtf/siA2SWTe09caDmVtYYzWEIbBS4zw==",
      "requires": {
        "function-bind": "^1.1.1"
      }
    },
    "has-proto": {
      "version": "1.0.1",
      "resolved": "https://registry.npmjs.org/has-proto/-/has-proto-1.0.1.tgz",
      "integrity": "sha512-7qE+iP+O+bgF9clE5+UoBFzE65mlBiVj3tKCrlNQ0Ogwm0BjpT/gK4SlLYDMybDh5I3TCTKnPPa0oMG7JDYrhg=="
    },
    "has-symbols": {
      "version": "1.0.3",
      "resolved": "https://registry.npmjs.org/has-symbols/-/has-symbols-1.0.3.tgz",
      "integrity": "sha512-l3LCuF6MgDNwTDKkdYGEihYjt5pRPbEg46rtlmnSPlUbgmB8LOIrKJbYYFBSbnPaJexMKtiPO8hmeRjRz2Td+A=="
    },
    "minimatch": {
      "version": "3.1.2",
      "resolved": "https://registry.npmjs.org/minimatch/-/minimatch-3.1.2.tgz",
      "integrity": "sha512-J7p63hRiAjw1NDEww1W7i37+ByIrOWO5XQQAzZ3VOcL0PNybwpfmV/N05zFAzwQ9USyEcX6t3UO+K5aqBQOIHw==",
      "requires": {
        "brace-expansion": "^1.1.7"
      }
    },
    "mockery": {
      "version": "1.7.0",
      "resolved": "https://registry.npmjs.org/mockery/-/mockery-1.7.0.tgz",
      "integrity": "sha512-gUQA33ayi0tuAhr/rJNZPr7Q7uvlBt4gyJPbi0CDcAfIzIrDu1YgGMFgmAu3stJqBpK57m7+RxUbcS+pt59fKQ=="
    },
    "object-inspect": {
      "version": "1.12.3",
      "resolved": "https://registry.npmjs.org/object-inspect/-/object-inspect-1.12.3.tgz",
      "integrity": "sha512-geUvdk7c+eizMNUDkRpW1wJwgfOiOeHbxBR/hLXK1aT6zmVSO0jsQcs7fj6MGw89jC/cjGfLcNOrtMYtGqm81g=="
    },
    "q": {
      "version": "1.5.1",
      "resolved": "https://registry.npmjs.org/q/-/q-1.5.1.tgz",
      "integrity": "sha512-kV/CThkXo6xyFEZUugw/+pIOywXcDbFYgSct5cT3gqlbkBE1SJdwy6UQoZvodiWF/ckQLZyDE/Bu1M6gVu5lVw=="
    },
    "qs": {
      "version": "6.11.2",
      "resolved": "https://registry.npmjs.org/qs/-/qs-6.11.2.tgz",
      "integrity": "sha512-tDNIz22aBzCDxLtVH++VnTfzxlfeK5CbqohpSqpJgj1Wg/cQbStNAz3NuqCs5vV+pjBsK4x4pN9HlVh7rcYRiA==",
      "requires": {
        "side-channel": "^1.0.4"
      }
    },
    "semver": {
      "version": "5.7.2",
      "resolved": "https://registry.npmjs.org/semver/-/semver-5.7.2.tgz",
      "integrity": "sha512-cBznnQ9KjJqU67B52RMC65CMarK2600WFnbkcaiwWq3xy/5haFJlshgnpjovMVJ+Hff49d8GEn0b87C5pDQ10g=="
    },
    "shelljs": {
      "version": "0.3.0",
      "resolved": "https://registry.npmjs.org/shelljs/-/shelljs-0.3.0.tgz",
      "integrity": "sha512-Ny0KN4dyT8ZSCE0frtcbAJGoM/HTArpyPkeli1/00aYfm0sbD/Gk/4x7N2DP9QKGpBsiQH7n6rpm1L79RtviEQ=="
    },
    "side-channel": {
      "version": "1.0.4",
      "resolved": "https://registry.npmjs.org/side-channel/-/side-channel-1.0.4.tgz",
      "integrity": "sha512-q5XPytqFEIKHkGdiMIrY10mvLRvnQh42/+GoBlFW3b2LXLE2xxJpZFdm94we0BaoV3RwJyGqg5wS7epxTv0Zvw==",
      "requires": {
        "call-bind": "^1.0.0",
        "get-intrinsic": "^1.0.2",
        "object-inspect": "^1.9.0"
      }
    },
    "tunnel": {
      "version": "0.0.6",
      "resolved": "https://registry.npmjs.org/tunnel/-/tunnel-0.0.6.tgz",
      "integrity": "sha512-1h/Lnq9yajKY2PEbBadPXj3VxsDDu844OnaAo52UVmIzIvwwtBPIuNvkjuzBlTWpfJyUbG3ez0KSBibQkj4ojg=="
    },
    "typed-rest-client": {
      "version": "1.8.11",
      "resolved": "https://registry.npmjs.org/typed-rest-client/-/typed-rest-client-1.8.11.tgz",
      "integrity": "sha512-5UvfMpd1oelmUPRbbaVnq+rHP7ng2cE4qoQkQeAqxRL6PklkxsM0g32/HL0yfvruK6ojQ5x8EE+HF4YV6DtuCA==",
      "requires": {
        "qs": "^6.9.1",
        "tunnel": "0.0.6",
        "underscore": "^1.12.1"
      },
      "dependencies": {
        "underscore": {
          "version": "1.13.6",
          "resolved": "https://registry.npmjs.org/underscore/-/underscore-1.13.6.tgz",
          "integrity": "sha512-+A5Sja4HP1M08MaXya7p5LvjuM7K6q/2EaC0+iovj/wOcMsTzMvDFbasi/oSapiwOlt252IqsKqPjCl7huKS0A=="
        }
      }
    },
    "underscore": {
      "version": "1.8.3",
      "resolved": "https://registry.npmjs.org/underscore/-/underscore-1.8.3.tgz",
      "integrity": "sha512-5WsVTFcH1ut/kkhAaHf4PVgI8c7++GiVcpCGxPouI6ZVjsqPnSDf8h/8HtVqc0t4fzRXwnMK70EcZeAs3PIddg=="
    },
    "uuid": {
      "version": "3.4.0",
      "resolved": "https://registry.npmjs.org/uuid/-/uuid-3.4.0.tgz",
      "integrity": "sha512-HjSDRw6gZE5JMggctHBcjVak08+KEVhSIiDzFnT9S9aegmp85S/bReBVTb4QTFaRNptJ9kuYaNhnbNEOkbKb/A=="
    },
    "vsts-task-lib": {
      "version": "2.0.5",
      "resolved": "https://registry.npmjs.org/vsts-task-lib/-/vsts-task-lib-2.0.5.tgz",
      "integrity": "sha512-pKJlkp/BLPNyzD70b7EvzkyuSmUKjcHi9ToT6fGbqlKFPLznfDKkxRIJ2s1MEHPQsyhaMayFkPMiaG/fmc5AFA==",
      "requires": {
        "minimatch": "^3.0.0",
        "mockery": "^1.7.0",
        "q": "^1.1.2",
        "semver": "^5.1.0",
        "shelljs": "^0.3.0",
        "uuid": "^3.0.1"
      }
    }
  }
}
