{
  "name": "uicontribution",
  "version": "1.0.0",
  "lockfileVersion": 2,
  "requires": true,
  "packages": {
    "": {
      "name": "uicontribution",
      "version": "1.0.0",
      "license": "ISC",
      "dependencies": {
        "vss-web-extension-sdk": "^5.141.0"
      }
    },
    "node_modules/@types/jquery": {
      "version": "3.5.32",
      "resolved": "https://pkgs.dev.azure.com/mseng/PipelineTools/_packaging/PipelineTools_PublicPackages/npm/registry/@types/jquery/-/jquery-3.5.32.tgz",
      "integrity": "sha1-PrDaIGEbksfEnr7WFjtSpP3Ffe8=",
      "license": "MIT",
      "dependencies": {
        "@types/sizzle": "*"
      }
    },
    "node_modules/@types/jqueryui": {
      "version": "1.12.24",
      "resolved": "https://pkgs.dev.azure.com/mseng/PipelineTools/_packaging/PipelineTools_PublicPackages/npm/registry/@types/jqueryui/-/jqueryui-1.12.24.tgz",
      "integrity": "sha1-546GKw2hO5rbTyX/igDXF1yFhgo=",
      "license": "MIT",
      "dependencies": {
        "@types/jquery": "*"
      }
    },
    "node_modules/@types/knockout": {
      "version": "3.4.77",
      "resolved": "https://pkgs.dev.azure.com/mseng/PipelineTools/_packaging/PipelineTools_PublicPackages/npm/registry/@types/knockout/-/knockout-3.4.77.tgz",
      "integrity": "sha1-dpCiMWv6rWfgwQqBLh3aNo9rUPo=",
      "license": "MIT"
    },
    "node_modules/@types/mousetrap": {
      "version": "1.5.34",
      "resolved": "https://pkgs.dev.azure.com/mseng/PipelineTools/_packaging/PipelineTools_PublicPackages/npm/registry/@types/mousetrap/-/mousetrap-1.5.34.tgz",
      "integrity": "sha1-IrM42cS839j4HDBoSu/rBKRycWg=",
      "license": "MIT"
    },
    "node_modules/@types/q": {
      "version": "0.0.32",
      "resolved": "https://pkgs.dev.azure.com/mseng/PipelineTools/_packaging/PipelineTools_PublicPackages/npm/registry/@types/q/-/q-0.0.32.tgz",
      "integrity": "sha1-vShOV8hPEyXacCur/IKlMoGQwMU=",
      "license": "MIT"
    },
    "node_modules/@types/react": {
      "version": "15.7.31",
      "resolved": "https://pkgs.dev.azure.com/mseng/PipelineTools/_packaging/PipelineTools_PublicPackages/npm/registry/@types/react/-/react-15.7.31.tgz",
      "integrity": "sha1-blhXT7bZJW61UeWs7M8nKl3JyMU=",
      "license": "MIT"
    },
    "node_modules/@types/requirejs": {
      "version": "2.1.37",
      "resolved": "https://pkgs.dev.azure.com/mseng/PipelineTools/_packaging/PipelineTools_PublicPackages/npm/registry/@types/requirejs/-/requirejs-2.1.37.tgz",
      "integrity": "sha1-fxfc4Br9x7OotUKzJmGw+uzx4fk=",
      "license": "MIT"
    },
    "node_modules/@types/sizzle": {
      "version": "2.3.9",
      "resolved": "https://pkgs.dev.azure.com/mseng/PipelineTools/_packaging/PipelineTools_PublicPackages/npm/registry/@types/sizzle/-/sizzle-2.3.9.tgz",
      "integrity": "sha1-1Fl9vUYYJkxBTXQpNj4/UKy2bqI=",
      "license": "MIT"
    },
    "node_modules/vss-web-extension-sdk": {
      "version": "5.141.0",
      "resolved": "https://pkgs.dev.azure.com/mseng/PipelineTools/_packaging/PipelineTools_PublicPackages/npm/registry/vss-web-extension-sdk/-/vss-web-extension-sdk-5.141.0.tgz",
      "integrity": "sha1-NotvyvXnq4SfT7mGibZpTXgiTM8=",
      "deprecated": "Package no longer supported. Please use https://www.npmjs.com/package/azure-devops-extension-sdk instead.",
      "license": "MIT",
      "dependencies": {
        "@types/jquery": ">=2.0.48",
        "@types/jqueryui": ">=1.11.34",
        "@types/knockout": "^3.4.49",
        "@types/mousetrap": "~1.5.34",
        "@types/q": "0.0.32",
        "@types/react": "^15.6.12",
        "@types/requirejs": ">=2.1.28"
      }
    }
  },
  "dependencies": {
    "@types/jquery": {
      "version": "3.5.32",
      "resolved": "https://pkgs.dev.azure.com/mseng/PipelineTools/_packaging/PipelineTools_PublicPackages/npm/registry/@types/jquery/-/jquery-3.5.32.tgz",
      "integrity": "sha1-PrDaIGEbksfEnr7WFjtSpP3Ffe8=",
      "requires": {
        "@types/sizzle": "*"
      }
    },
    "@types/jqueryui": {
      "version": "1.12.24",
      "resolved": "https://pkgs.dev.azure.com/mseng/PipelineTools/_packaging/PipelineTools_PublicPackages/npm/registry/@types/jqueryui/-/jqueryui-1.12.24.tgz",
      "integrity": "sha1-546GKw2hO5rbTyX/igDXF1yFhgo=",
      "requires": {
        "@types/jquery": "*"
      }
    },
    "@types/knockout": {
      "version": "3.4.77",
      "resolved": "https://pkgs.dev.azure.com/mseng/PipelineTools/_packaging/PipelineTools_PublicPackages/npm/registry/@types/knockout/-/knockout-3.4.77.tgz",
      "integrity": "sha1-dpCiMWv6rWfgwQqBLh3aNo9rUPo="
    },
    "@types/mousetrap": {
      "version": "1.5.34",
      "resolved": "https://pkgs.dev.azure.com/mseng/PipelineTools/_packaging/PipelineTools_PublicPackages/npm/registry/@types/mousetrap/-/mousetrap-1.5.34.tgz",
      "integrity": "sha1-IrM42cS839j4HDBoSu/rBKRycWg="
    },
    "@types/q": {
      "version": "0.0.32",
      "resolved": "https://pkgs.dev.azure.com/mseng/PipelineTools/_packaging/PipelineTools_PublicPackages/npm/registry/@types/q/-/q-0.0.32.tgz",
      "integrity": "sha1-vShOV8hPEyXacCur/IKlMoGQwMU="
    },
    "@types/react": {
      "version": "15.7.31",
      "resolved": "https://pkgs.dev.azure.com/mseng/PipelineTools/_packaging/PipelineTools_PublicPackages/npm/registry/@types/react/-/react-15.7.31.tgz",
      "integrity": "sha1-blhXT7bZJW61UeWs7M8nKl3JyMU="
    },
    "@types/requirejs": {
      "version": "2.1.37",
      "resolved": "https://pkgs.dev.azure.com/mseng/PipelineTools/_packaging/PipelineTools_PublicPackages/npm/registry/@types/requirejs/-/requirejs-2.1.37.tgz",
      "integrity": "sha1-fxfc4Br9x7OotUKzJmGw+uzx4fk="
    },
    "@types/sizzle": {
      "version": "2.3.9",
      "resolved": "https://pkgs.dev.azure.com/mseng/PipelineTools/_packaging/PipelineTools_PublicPackages/npm/registry/@types/sizzle/-/sizzle-2.3.9.tgz",
      "integrity": "sha1-1Fl9vUYYJkxBTXQpNj4/UKy2bqI="
    },
    "vss-web-extension-sdk": {
      "version": "5.141.0",
      "resolved": "https://pkgs.dev.azure.com/mseng/PipelineTools/_packaging/PipelineTools_PublicPackages/npm/registry/vss-web-extension-sdk/-/vss-web-extension-sdk-5.141.0.tgz",
      "integrity": "sha1-NotvyvXnq4SfT7mGibZpTXgiTM8=",
      "requires": {
        "@types/jquery": ">=2.0.48",
        "@types/jqueryui": ">=1.11.34",
        "@types/knockout": "^3.4.49",
        "@types/mousetrap": "~1.5.34",
        "@types/q": "0.0.32",
        "@types/react": "^15.6.12",
        "@types/requirejs": ">=2.1.28"
      }
    }
  }
}
