{
  "name": "DownloadExternalBuildArtifacts",
  "requires": true,
  "lockfileVersion": 1,
  "dependencies": {
    "artifact-engine": {
      "version": "0.1.29",
      "resolved": "https://registry.npmjs.org/artifact-engine/-/artifact-engine-0.1.29.tgz",
      "integrity": "sha512-Pg7Gyqfy2cu/Ctam4mdA9GczVQOBTFCqCqdUKoaq9XyA2c1zWmkKYTfa4LxbudGryjmePYern1O6OnnZHZkpew==",
      "requires": {
        "azure-pipelines-task-lib": "2.8.0",
        "handlebars": "4.0.14",
        "minimatch": "3.0.2",
        "tunnel": "0.0.4"
      }
    },
    "async": {
      "version": "2.6.3",
      "resolved": "https://registry.npmjs.org/async/-/async-2.6.3.tgz",
      "integrity": "sha512-zflvls11DCy+dQWzTW2dzuilv8Z5X/pjfmZOWba6TNIVDm+2UDaJmXSOXlasHKfNBs8oo3M0aT50fDEWfKZjXg==",
      "requires": {
        "lodash": "^4.17.14"
      }
    },
    "azure-devops-node-api": {
      "version": "10.2.1",
      "resolved": "https://registry.npmjs.org/azure-devops-node-api/-/azure-devops-node-api-10.2.1.tgz",
      "integrity": "sha512-XuSiUaYpk0tQpd9fD8qfRa5y1IdavupKNVmwxy0w/RhmxG2Wl8uAYnNJchUoWd3Rn9On0mYTCCZSn+UlYdYFSg==",
      "requires": {
        "tunnel": "0.0.6",
        "typed-rest-client": "^1.8.0",
        "underscore": "1.8.3"
      },
      "dependencies": {
        "tunnel": {
          "version": "0.0.6",
          "resolved": "https://registry.npmjs.org/tunnel/-/tunnel-0.0.6.tgz",
          "integrity": "sha512-1h/Lnq9yajKY2PEbBadPXj3VxsDDu844OnaAo52UVmIzIvwwtBPIuNvkjuzBlTWpfJyUbG3ez0KSBibQkj4ojg=="
        },
        "typed-rest-client": {
          "version": "1.8.4",
          "resolved": "https://registry.npmjs.org/typed-rest-client/-/typed-rest-client-1.8.4.tgz",
          "integrity": "sha512-MyfKKYzk3I6/QQp6e1T50py4qg+c+9BzOEl2rBmQIpStwNUoqQ73An+Tkfy9YuV7O+o2mpVVJpe+fH//POZkbg==",
          "requires": {
            "qs": "^6.9.1",
            "tunnel": "0.0.6",
            "underscore": "^1.12.1"
          },
          "dependencies": {
            "underscore": {
              "version": "1.13.0",
              "resolved": "https://registry.npmjs.org/underscore/-/underscore-1.13.0.tgz",
              "integrity": "sha512-sCs4H3pCytsb5K7i072FAEC9YlSYFIbosvM0tAKAlpSSUgD7yC1iXSEGdl5XrDKQ1YUB+p/HDzYrSG2H2Vl36g=="
            }
          }
        },
        "underscore": {
          "version": "1.8.3",
          "resolved": "https://registry.npmjs.org/underscore/-/underscore-1.8.3.tgz",
          "integrity": "sha1-Tz+1OxBuYJf8+ctBCfKl6b36UCI="
        }
      }
    },
    "azure-pipelines-task-lib": {
      "version": "2.8.0",
      "resolved": "https://registry.npmjs.org/azure-pipelines-task-lib/-/azure-pipelines-task-lib-2.8.0.tgz",
      "integrity": "sha512-PR8oap9z2j+o455W3PwAfB4SX1p4GdJc9OHQaQV0V+iQS1IBY6dVgcNSQMkHAXb0V1bbuLOFBLanXPe5eSgGTQ==",
      "requires": {
        "minimatch": "3.0.4",
        "mockery": "^1.7.0",
        "q": "^1.1.2",
        "semver": "^5.1.0",
        "shelljs": "^0.3.0",
        "uuid": "^3.0.1"
      },
      "dependencies": {
        "minimatch": {
          "version": "3.0.4",
          "resolved": "https://registry.npmjs.org/minimatch/-/minimatch-3.0.4.tgz",
          "integrity": "sha512-yJHVQEhyqPLUTgt9B83PXu6W3rx4MvvHvSUvToogpwoGDOUQ+yDrR0HRot+yOCdCO7u4hX3pWft6kWBBcqh0UA==",
          "requires": {
            "brace-expansion": "^1.1.7"
          }
        }
      }
    },
    "balanced-match": {
      "version": "1.0.0",
      "resolved": "https://registry.npmjs.org/balanced-match/-/balanced-match-1.0.0.tgz",
      "integrity": "sha1-ibTRmasr7kneFk6gK4nORi1xt2c="
    },
    "brace-expansion": {
      "version": "1.1.11",
      "resolved": "https://registry.npmjs.org/brace-expansion/-/brace-expansion-1.1.11.tgz",
      "integrity": "sha512-iCuPHDFgrHX7H2vEI/5xpz07zSHB00TpugqhmYtVmMO6518mCuRMoOYFldEBl0g187ufozdaHgWKcYFb61qGiA==",
      "requires": {
        "balanced-match": "^1.0.0",
        "concat-map": "0.0.1"
      }
    },
    "call-bind": {
      "version": "1.0.2",
      "resolved": "https://registry.npmjs.org/call-bind/-/call-bind-1.0.2.tgz",
      "integrity": "sha512-7O+FbCihrB5WGbFYesctwmTKae6rOiIzmz1icreWJ+0aA7LJfuqhEso2T9ncpcFtzMQtzXf2QGGueWJGTYsqrA==",
      "requires": {
        "function-bind": "^1.1.1",
        "get-intrinsic": "^1.0.2"
      }
    },
    "commander": {
      "version": "2.20.0",
      "resolved": "https://registry.npmjs.org/commander/-/commander-2.20.0.tgz",
      "integrity": "sha512-7j2y+40w61zy6YC2iRNpUe/NwhNyoXrYpHMrSunaMG64nRnaf96zO/KMQR4OyN/UnE5KLyEBnKHd4aG3rskjpQ==",
      "optional": true
    },
    "concat-map": {
      "version": "0.0.1",
      "resolved": "https://registry.npmjs.org/concat-map/-/concat-map-0.0.1.tgz",
      "integrity": "sha1-2Klr13/Wjfd5OnMDajug1UBdR3s="
    },
    "function-bind": {
      "version": "1.1.1",
      "resolved": "https://registry.npmjs.org/function-bind/-/function-bind-1.1.1.tgz",
      "integrity": "sha512-yIovAzMX49sF8Yl58fSCWJ5svSLuaibPxXQJFLmBObTuCr0Mf1KiPopGM9NiFjiYBCbfaa2Fh6breQ6ANVTI0A=="
    },
    "get-intrinsic": {
      "version": "1.1.1",
      "resolved": "https://registry.npmjs.org/get-intrinsic/-/get-intrinsic-1.1.1.tgz",
      "integrity": "sha512-kWZrnVM42QCiEA2Ig1bG8zjoIMOgxWwYCEeNdwY6Tv/cOSeGpcoX4pXHfKUxNKVoArnrEr2e9srnAxxGIraS9Q==",
      "requires": {
        "function-bind": "^1.1.1",
        "has": "^1.0.3",
        "has-symbols": "^1.0.1"
      }
    },
    "handlebars": {
      "version": "4.0.14",
      "resolved": "https://registry.npmjs.org/handlebars/-/handlebars-4.0.14.tgz",
      "integrity": "sha512-E7tDoyAA8ilZIV3xDJgl18sX3M8xB9/fMw8+mfW4msLW8jlX97bAnWgT3pmaNXuvzIEgSBMnAHfuXsB2hdzfow==",
      "requires": {
        "async": "^2.5.0",
        "optimist": "^0.6.1",
        "source-map": "^0.6.1",
        "uglify-js": "^3.1.4"
      }
    },
    "has": {
      "version": "1.0.3",
      "resolved": "https://registry.npmjs.org/has/-/has-1.0.3.tgz",
      "integrity": "sha512-f2dvO0VU6Oej7RkWJGrehjbzMAjFp5/VKPp5tTpWIV4JHHZK1/BxbFRtf/siA2SWTe09caDmVtYYzWEIbBS4zw==",
      "requires": {
        "function-bind": "^1.1.1"
      }
    },
    "has-symbols": {
      "version": "1.0.2",
      "resolved": "https://registry.npmjs.org/has-symbols/-/has-symbols-1.0.2.tgz",
      "integrity": "sha512-chXa79rL/UC2KlX17jo3vRGz0azaWEx5tGqZg5pO3NUyEJVB17dMruQlzCCOfUvElghKcm5194+BCRvi2Rv/Gw=="
    },
    "lodash": {
      "version": "4.17.21",
      "resolved": "https://registry.npmjs.org/lodash/-/lodash-4.17.21.tgz",
      "integrity": "sha512-v2kDEe57lecTulaDIuNTPy3Ry4gLGJ6Z1O3vE1krgXZNrsQ+LFTGHVxVjcXPs17LhbZVGedAJv8XZ1tvj5FvSg=="
    },
    "minimatch": {
      "version": "3.0.2",
      "resolved": "https://registry.npmjs.org/minimatch/-/minimatch-3.0.2.tgz",
      "integrity": "sha1-DzmKcwDqRB6cNIyD2Yq4ydv5xAo=",
      "requires": {
        "brace-expansion": "^1.0.0"
      }
    },
    "minimist": {
      "version": "0.0.10",
      "resolved": "https://registry.npmjs.org/minimist/-/minimist-0.0.10.tgz",
      "integrity": "sha1-3j+YVD2/lggr5IrRoMfNqDYwHc8="
    },
    "mockery": {
      "version": "1.7.0",
      "resolved": "https://registry.npmjs.org/mockery/-/mockery-1.7.0.tgz",
      "integrity": "sha1-9O3g2HUMHJcnwnLqLGBiniyaHE8="
    },
    "object-inspect": {
      "version": "1.9.0",
      "resolved": "https://registry.npmjs.org/object-inspect/-/object-inspect-1.9.0.tgz",
      "integrity": "sha512-i3Bp9iTqwhaLZBxGkRfo5ZbE07BQRT7MGu8+nNgwW9ItGp1TzCTw2DLEoWwjClxBjOFI/hWljTAmYGCEwmtnOw=="
    },
    "optimist": {
      "version": "0.6.1",
      "resolved": "https://registry.npmjs.org/optimist/-/optimist-0.6.1.tgz",
      "integrity": "sha1-2j6nRob6IaGaERwybpDrFaAZZoY=",
      "requires": {
        "minimist": "~0.0.1",
        "wordwrap": "~0.0.2"
      }
    },
    "q": {
      "version": "1.5.1",
      "resolved": "https://registry.npmjs.org/q/-/q-1.5.1.tgz",
      "integrity": "sha1-fjL3W0E4EpHQRhHxvxQQmsAGUdc="
    },
    "qs": {
      "version": "6.10.1",
      "resolved": "https://registry.npmjs.org/qs/-/qs-6.10.1.tgz",
      "integrity": "sha512-M528Hph6wsSVOBiYUnGf+K/7w0hNshs/duGsNXPUCLH5XAqjEtiPGwNONLV0tBH8NoGb0mvD5JubnUTrujKDTg==",
      "requires": {
        "side-channel": "^1.0.4"
      }
    },
    "semver": {
      "version": "5.7.1",
      "resolved": "https://registry.npmjs.org/semver/-/semver-5.7.1.tgz",
      "integrity": "sha512-sauaDf/PZdVgrLTNYHRtpXa1iRiKcaebiKQ1BJdpQlWH2lCvexQdX55snPFyK7QzpudqbCI0qXFfOasHdyNDGQ=="
    },
    "shelljs": {
      "version": "0.3.0",
      "resolved": "https://registry.npmjs.org/shelljs/-/shelljs-0.3.0.tgz",
      "integrity": "sha1-NZbmMHp4FUT1kfN9phg2DzHbV7E="
    },
    "side-channel": {
      "version": "1.0.4",
      "resolved": "https://registry.npmjs.org/side-channel/-/side-channel-1.0.4.tgz",
      "integrity": "sha512-q5XPytqFEIKHkGdiMIrY10mvLRvnQh42/+GoBlFW3b2LXLE2xxJpZFdm94we0BaoV3RwJyGqg5wS7epxTv0Zvw==",
      "requires": {
        "call-bind": "^1.0.0",
        "get-intrinsic": "^1.0.2",
        "object-inspect": "^1.9.0"
      }
    },
    "source-map": {
      "version": "0.6.1",
      "resolved": "https://registry.npmjs.org/source-map/-/source-map-0.6.1.tgz",
      "integrity": "sha512-UjgapumWlbMhkBgzT7Ykc5YXUT46F0iKu8SGXq0bcwP5dz/h0Plj6enJqjz1Zbq2l5WaqYnrVbwWOWMyF3F47g=="
    },
    "tunnel": {
      "version": "0.0.4",
      "resolved": "https://registry.npmjs.org/tunnel/-/tunnel-0.0.4.tgz",
      "integrity": "sha1-LTeFoVjBdMmhbcLARuxfxfF0IhM="
    },
    "uglify-js": {
      "version": "3.6.0",
      "resolved": "https://registry.npmjs.org/uglify-js/-/uglify-js-3.6.0.tgz",
      "integrity": "sha512-W+jrUHJr3DXKhrsS7NUVxn3zqMOFn0hL/Ei6v0anCIMoKC93TjcflTagwIHLW7SfMFfiQuktQyFVCFHGUE0+yg==",
      "optional": true,
      "requires": {
        "commander": "~2.20.0",
        "source-map": "~0.6.1"
      }
    },
    "uuid": {
      "version": "3.3.2",
      "resolved": "https://registry.npmjs.org/uuid/-/uuid-3.3.2.tgz",
      "integrity": "sha512-yXJmeNaw3DnnKAOKJE51sL/ZaYfWJRl1pK9dr19YFCu0ObS231AB1/LbqTKRAQ5kw8A90rA6fr4riOUpTZvQZA=="
    },
    "vsts-task-lib": {
      "version": "2.2.1",
      "resolved": "https://registry.npmjs.org/vsts-task-lib/-/vsts-task-lib-2.2.1.tgz",
      "integrity": "sha512-FYllK73r1K7+sPUtWKZ4tihskJgpGB3YdNX4qr1YO0cmhFAWHm9FfEVxmKdlNeIyDtu3NyRb4wVUz0Gwi5LyGA==",
      "requires": {
        "minimatch": "^3.0.0",
        "mockery": "^1.7.0",
        "q": "^1.1.2",
        "semver": "^5.1.0",
        "shelljs": "^0.3.0",
        "uuid": "^3.0.1"
      }
    },
    "wordwrap": {
      "version": "0.0.3",
      "resolved": "https://registry.npmjs.org/wordwrap/-/wordwrap-0.0.3.tgz",
      "integrity": "sha1-o9XabNXAvAAI03I0u68b7WMFkQc="
    }
  }
}
